<?xml version="1.0" encoding="utf-8"?>
<Project ToolsVersion="4.0" xmlns="http://schemas.microsoft.com/developer/msbuild/2003">
  <ItemGroup>
    <Filter Include="Source Files">
      <UniqueIdentifier>{4FC737F1-C7A5-4376-A066-2A32D752A2FF}</UniqueIdentifier>
      <Extensions>cpp;c;cc;cxx;c++;cppm;ixx;def;odl;idl;hpj;bat;asm;asmx</Extensions>
    </Filter>
    <Filter Include="Header Files">
      <UniqueIdentifier>{93995380-89BD-4b04-88EB-625FBE52EBFB}</UniqueIdentifier>
      <Extensions>h;hh;hpp;hxx;h++;hm;inl;inc;ipp;xsd</Extensions>
    </Filter>
    <Filter Include="Resource Files">
      <UniqueIdentifier>{67DA6AB6-F800-4c08-8B7A-83BB121AAD01}</UniqueIdentifier>
      <Extensions>rc;ico;cur;bmp;dlg;rc2;rct;bin;rgs;gif;jpg;jpeg;jpe;resx;tiff;tif;png;wav;mfcribbon-ms</Extensions>
    </Filter>
    <Filter Include="Resource Files\Vectors">
      <UniqueIdentifier>{ba5e1590-0106-44dd-a840-c10feb545ac1}</UniqueIdentifier>
    </Filter>
  </ItemGroup>
  <ItemGroup>
    <ClInclude Include="pch.h">
      <Filter>Header Files</Filter>
    </ClInclude>
    <ClInclude Include="Resource.h">
      <Filter>Header Files</Filter>
    </ClInclude>
    <ClInclude Include="ResourceHandler.h">
      <Filter>Header Files</Filter>
    </ClInclude>
    <ClInclude Include="ResourceItem.h">
      <Filter>Header Files</Filter>
    </ClInclude>
  </ItemGroup>
  <ItemGroup>
    <ClCompile Include="pch.cpp">
      <Filter>Source Files</Filter>
    </ClCompile>
    <ClCompile Include="ResourceHandler.cpp">
      <Filter>Source Files</Filter>
    </ClCompile>
    <ClCompile Include="ResourceItem.cpp">
      <Filter>Source Files</Filter>
    </ClCompile>
  </ItemGroup>
  <ItemGroup>
    <None Include="..\NetRain_Resources\resources\01.svg">
      <Filter>Resource Files\Vectors</Filter>
    </None>
    <None Include="..\NetRain_Resources\resources\02.svg">
      <Filter>Resource Files\Vectors</Filter>
    </None>
    <None Include="..\NetRain_Resources\resources\03.svg">
      <Filter>Resource Files\Vectors</Filter>
    </None>
    <None Include="..\NetRain_Resources\resources\04.svg">
      <Filter>Resource Files\Vectors</Filter>
    </None>
    <None Include="..\NetRain_Resources\resources\05.svg">
      <Filter>Resource Files\Vectors</Filter>
    </None>
    <None Include="..\NetRain_Resources\resources\06.svg">
      <Filter>Resource Files\Vectors</Filter>
    </None>
    <None Include="..\NetRain_Resources\resources\07.svg">
      <Filter>Resource Files\Vectors</Filter>
    </None>
    <None Include="..\NetRain_Resources\resources\08.svg">
      <Filter>Resource Files\Vectors</Filter>
    </None>
    <None Include="..\NetRain_Resources\resources\09.svg">
      <Filter>Resource Files\Vectors</Filter>
    </None>
    <None Include="..\NetRain_Resources\resources\10.svg">
      <Filter>Resource Files\Vectors</Filter>
    </None>
    <None Include="..\NetRain_Resources\resources\11.svg">
      <Filter>Resource Files\Vectors</Filter>
    </None>
    <None Include="..\NetRain_Resources\resources\12.svg">
      <Filter>Resource Files\Vectors</Filter>
    </None>
    <None Include="..\NetRain_Resources\resources\13.svg">
      <Filter>Resource Files\Vectors</Filter>
    </None>
    <None Include="..\NetRain_Resources\resources\14.svg">
      <Filter>Resource Files\Vectors</Filter>
    </None>
    <None Include="..\NetRain_Resources\resources\15.svg">
      <Filter>Resource Files\Vectors</Filter>
    </None>
    <None Include="..\NetRain_Resources\resources\16.svg">
      <Filter>Resource Files\Vectors</Filter>
    </None>
    <None Include="..\NetRain_Resources\resources\17.svg">
      <Filter>Resource Files\Vectors</Filter>
    </None>
    <None Include="..\NetRain_Resources\resources\18.svg">
      <Filter>Resource Files\Vectors</Filter>
    </None>
    <None Include="..\NetRain_Resources\resources\19.svg">
      <Filter>Resource Files\Vectors</Filter>
    </None>
    <None Include="..\NetRain_Resources\resources\20.svg">
      <Filter>Resource Files\Vectors</Filter>
    </None>
    <None Include="..\NetRain_Resources\resources\21.svg">
      <Filter>Resource Files\Vectors</Filter>
    </None>
    <None Include="..\NetRain_Resources\resources\22.svg">
      <Filter>Resource Files\Vectors</Filter>
    </None>
    <None Include="..\NetRain_Resources\resources\23.svg">
      <Filter>Resource Files\Vectors</Filter>
    </None>
    <None Include="..\NetRain_Resources\resources\24.svg">
      <Filter>Resource Files\Vectors</Filter>
    </None>
    <None Include="..\NetRain_Resources\resources\25.svg">
      <Filter>Resource Files\Vectors</Filter>
    </None>
    <None Include="..\NetRain_Resources\resources\26.svg">
      <Filter>Resource Files\Vectors</Filter>
    </None>
    <None Include="..\NetRain_Resources\resources\27.svg">
      <Filter>Resource Files\Vectors</Filter>
    </None>
    <None Include="..\NetRain_Resources\resources\28.svg">
      <Filter>Resource Files\Vectors</Filter>
    </None>
    <None Include="..\NetRain_Resources\resources\29.svg">
      <Filter>Resource Files\Vectors</Filter>
    </None>
    <None Include="..\NetRain_Resources\resources\30.svg">
      <Filter>Resource Files\Vectors</Filter>
    </None>
    <None Include="..\NetRain_Resources\resources\31.svg">
      <Filter>Resource Files\Vectors</Filter>
    </None>
    <None Include="..\NetRain_Resources\resources\32.svg">
      <Filter>Resource Files\Vectors</Filter>
    </None>
    <None Include="..\NetRain_Resources\resources\33.svg">
      <Filter>Resource Files\Vectors</Filter>
    </None>
    <None Include="..\NetRain_Resources\resources\34.svg">
      <Filter>Resource Files\Vectors</Filter>
    </None>
    <None Include="..\NetRain_Resources\resources\35.svg">
      <Filter>Resource Files\Vectors</Filter>
    </None>
    <None Include="..\NetRain_Resources\resources\36.svg">
      <Filter>Resource Files\Vectors</Filter>
    </None>
    <None Include="..\NetRain_Resources\resources\37.svg">
      <Filter>Resource Files\Vectors</Filter>
    </None>
    <None Include="..\NetRain_Resources\resources\38.svg">
      <Filter>Resource Files\Vectors</Filter>
    </None>
    <None Include="..\NetRain_Resources\resources\39.svg">
      <Filter>Resource Files\Vectors</Filter>
    </None>
    <None Include="..\NetRain_Resources\resources\40.svg">
      <Filter>Resource Files\Vectors</Filter>
    </None>
    <None Include="..\NetRain_Resources\resources\41.svg">
      <Filter>Resource Files\Vectors</Filter>
    </None>
    <None Include="..\NetRain_Resources\resources\42.svg">
      <Filter>Resource Files\Vectors</Filter>
    </None>
    <None Include="..\NetRain_Resources\resources\43.svg">
      <Filter>Resource Files\Vectors</Filter>
    </None>
    <None Include="..\NetRain_Resources\resources\44.svg">
      <Filter>Resource Files\Vectors</Filter>
    </None>
    <None Include="..\NetRain_Resources\resources\45.svg">
      <Filter>Resource Files\Vectors</Filter>
    </None>
    <None Include="..\NetRain_Resources\resources\46.svg">
      <Filter>Resource Files\Vectors</Filter>
    </None>
    <None Include="..\NetRain_Resources\resources\47.svg">
      <Filter>Resource Files\Vectors</Filter>
    </None>
    <None Include="..\NetRain_Resources\resources\48.svg">
      <Filter>Resource Files\Vectors</Filter>
    </None>
    <None Include="..\NetRain_Resources\resources\49.svg">
      <Filter>Resource Files\Vectors</Filter>
    </None>
    <None Include="..\NetRain_Resources\resources\50.svg">
      <Filter>Resource Files\Vectors</Filter>
    </None>
    <None Include="..\NetRain_Resources\resources\51.svg">
      <Filter>Resource Files\Vectors</Filter>
    </None>
    <None Include="..\NetRain_Resources\resources\52.svg">
      <Filter>Resource Files\Vectors</Filter>
    </None>
    <None Include="..\NetRain_Resources\resources\53.svg">
      <Filter>Resource Files\Vectors</Filter>
    </None>
    <None Include="..\NetRain_Resources\resources\54.svg">
      <Filter>Resource Files\Vectors</Filter>
    </None>
    <None Include="..\NetRain_Resources\resources\55.svg">
      <Filter>Resource Files\Vectors</Filter>
    </None>
  </ItemGroup>
  <ItemGroup>
    <ResourceCompile Include="app.rc">
      <Filter>Resource Files</Filter>
    </ResourceCompile>
  </ItemGroup>
</Project>